// !$*UTF8*$!
{
	archiveVersion = 1;
	classes = {
	};
	objectVersion = 50;
	objects = {

/* Begin PBXBuildFile section */
		2061D344406F9E0C421313C2 /* Pods_HandsUp.framework in Frameworks */ = {isa = PBXBuildFile; fileRef = D8E1ABD326A91C3A6740D63B /* Pods_HandsUp.framework */; };
		31DB3C16217BC203001CA8C8 /* PostCell.swift in Sources */ = {isa = PBXBuildFile; fileRef = 31DB3C15217BC203001CA8C8 /* PostCell.swift */; };
		31DB3C1A217BDE33001CA8C8 /* Answer.swift in Sources */ = {isa = PBXBuildFile; fileRef = 31DB3C19217BDE33001CA8C8 /* Answer.swift */; };
		490D440E217B8088008E328B /* HomeViewController.swift in Sources */ = {isa = PBXBuildFile; fileRef = 490D440D217B8088008E328B /* HomeViewController.swift */; };
		4914DF3A218FA6CF003FF3A3 /* User.swift in Sources */ = {isa = PBXBuildFile; fileRef = 4914DF39218FA6CF003FF3A3 /* User.swift */; };
		4935C2922177FACA001FE9FD /* SignInViewController.swift in Sources */ = {isa = PBXBuildFile; fileRef = 4935C2912177FACA001FE9FD /* SignInViewController.swift */; };
		4935C2952177FD17001FE9FD /* SignUpViewController.swift in Sources */ = {isa = PBXBuildFile; fileRef = 4935C2942177FD17001FE9FD /* SignUpViewController.swift */; };
		4937D1902173F31F0060A059 /* AppDelegate.swift in Sources */ = {isa = PBXBuildFile; fileRef = 4937D18F2173F31F0060A059 /* AppDelegate.swift */; };
		4937D1952173F31F0060A059 /* Main.storyboard in Resources */ = {isa = PBXBuildFile; fileRef = 4937D1932173F31F0060A059 /* Main.storyboard */; };
		4937D1972173F3220060A059 /* Assets.xcassets in Resources */ = {isa = PBXBuildFile; fileRef = 4937D1962173F3220060A059 /* Assets.xcassets */; };
		4937D19A2173F3220060A059 /* LaunchScreen.storyboard in Resources */ = {isa = PBXBuildFile; fileRef = 4937D1982173F3220060A059 /* LaunchScreen.storyboard */; };
		4937D1A52173F3220060A059 /* HandsUpTests.swift in Sources */ = {isa = PBXBuildFile; fileRef = 4937D1A42173F3220060A059 /* HandsUpTests.swift */; };
		4937D1B02173F3220060A059 /* HandsUpUITests.swift in Sources */ = {isa = PBXBuildFile; fileRef = 4937D1AF2173F3220060A059 /* HandsUpUITests.swift */; };
		498D3090217B92E900D33BCA /* ProfileViewController.swift in Sources */ = {isa = PBXBuildFile; fileRef = 498D308F217B92E900D33BCA /* ProfileViewController.swift */; };
		498D3092217B941100D33BCA /* NewPostViewController.swift in Sources */ = {isa = PBXBuildFile; fileRef = 498D3091217B941100D33BCA /* NewPostViewController.swift */; };
		498D3094217B989D00D33BCA /* Post.swift in Sources */ = {isa = PBXBuildFile; fileRef = 498D3093217B989D00D33BCA /* Post.swift */; };
		49A509B7217EAA39005D62F7 /* ResponseViewController.swift in Sources */ = {isa = PBXBuildFile; fileRef = 49A509B6217EAA39005D62F7 /* ResponseViewController.swift */; };
		49EEBB6D217C121900215DCF /* QuestionDetailViewController.swift in Sources */ = {isa = PBXBuildFile; fileRef = 49EEBB6C217C121900215DCF /* QuestionDetailViewController.swift */; };
		49EEBB6F217C155C00215DCF /* QuestionDetailCell.swift in Sources */ = {isa = PBXBuildFile; fileRef = 49EEBB6E217C155C00215DCF /* QuestionDetailCell.swift */; };
		49EEBB71217C195900215DCF /* AnswerCell.swift in Sources */ = {isa = PBXBuildFile; fileRef = 49EEBB70217C195900215DCF /* AnswerCell.swift */; };
		5FE84AC35136A649597EC1AE /* Pods_HandsUpTests.framework in Frameworks */ = {isa = PBXBuildFile; fileRef = E64FBD22BFE81FDFF0F68582 /* Pods_HandsUpTests.framework */; };
		C887604CC2EDA2B0E1B7B5AD /* Pods_HandsUpUITests.framework in Frameworks */ = {isa = PBXBuildFile; fileRef = 758BE22E95EC1EED1474995E /* Pods_HandsUpUITests.framework */; };
/* End PBXBuildFile section */

/* Begin PBXContainerItemProxy section */
		4937D1A12173F3220060A059 /* PBXContainerItemProxy */ = {
			isa = PBXContainerItemProxy;
			containerPortal = 4937D1842173F31F0060A059 /* Project object */;
			proxyType = 1;
			remoteGlobalIDString = 4937D18B2173F31F0060A059;
			remoteInfo = HandsUp;
		};
		4937D1AC2173F3220060A059 /* PBXContainerItemProxy */ = {
			isa = PBXContainerItemProxy;
			containerPortal = 4937D1842173F31F0060A059 /* Project object */;
			proxyType = 1;
			remoteGlobalIDString = 4937D18B2173F31F0060A059;
			remoteInfo = HandsUp;
		};
/* End PBXContainerItemProxy section */

/* Begin PBXFileReference section */
		02874743C42BEE0C5510F253 /* Pods-HandsUpUITests.release.xcconfig */ = {isa = PBXFileReference; includeInIndex = 1; lastKnownFileType = text.xcconfig; name = "Pods-HandsUpUITests.release.xcconfig"; path = "Pods/Target Support Files/Pods-HandsUpUITests/Pods-HandsUpUITests.release.xcconfig"; sourceTree = "<group>"; };
		3127C01799A781EBC786FC6B /* Pods-HandsUp.release.xcconfig */ = {isa = PBXFileReference; includeInIndex = 1; lastKnownFileType = text.xcconfig; name = "Pods-HandsUp.release.xcconfig"; path = "Pods/Target Support Files/Pods-HandsUp/Pods-HandsUp.release.xcconfig"; sourceTree = "<group>"; };
		31DB3C15217BC203001CA8C8 /* PostCell.swift */ = {isa = PBXFileReference; lastKnownFileType = sourcecode.swift; path = PostCell.swift; sourceTree = "<group>"; };
		31DB3C19217BDE33001CA8C8 /* Answer.swift */ = {isa = PBXFileReference; lastKnownFileType = sourcecode.swift; path = Answer.swift; sourceTree = "<group>"; };
		490D440D217B8088008E328B /* HomeViewController.swift */ = {isa = PBXFileReference; lastKnownFileType = sourcecode.swift; path = HomeViewController.swift; sourceTree = "<group>"; };
		4914DF39218FA6CF003FF3A3 /* User.swift */ = {isa = PBXFileReference; lastKnownFileType = sourcecode.swift; path = User.swift; sourceTree = "<group>"; };
		4935C2912177FACA001FE9FD /* SignInViewController.swift */ = {isa = PBXFileReference; lastKnownFileType = sourcecode.swift; path = SignInViewController.swift; sourceTree = "<group>"; };
		4935C2942177FD17001FE9FD /* SignUpViewController.swift */ = {isa = PBXFileReference; lastKnownFileType = sourcecode.swift; path = SignUpViewController.swift; sourceTree = "<group>"; };
		4937D18C2173F31F0060A059 /* HandsUp.app */ = {isa = PBXFileReference; explicitFileType = wrapper.application; includeInIndex = 0; path = HandsUp.app; sourceTree = BUILT_PRODUCTS_DIR; };
		4937D18F2173F31F0060A059 /* AppDelegate.swift */ = {isa = PBXFileReference; lastKnownFileType = sourcecode.swift; path = AppDelegate.swift; sourceTree = "<group>"; };
		4937D1942173F31F0060A059 /* Base */ = {isa = PBXFileReference; lastKnownFileType = file.storyboard; name = Base; path = Base.lproj/Main.storyboard; sourceTree = "<group>"; };
		4937D1962173F3220060A059 /* Assets.xcassets */ = {isa = PBXFileReference; lastKnownFileType = folder.assetcatalog; path = Assets.xcassets; sourceTree = "<group>"; };
		4937D1992173F3220060A059 /* Base */ = {isa = PBXFileReference; lastKnownFileType = file.storyboard; name = Base; path = Base.lproj/LaunchScreen.storyboard; sourceTree = "<group>"; };
		4937D19B2173F3220060A059 /* Info.plist */ = {isa = PBXFileReference; lastKnownFileType = text.plist.xml; path = Info.plist; sourceTree = "<group>"; };
		4937D1A02173F3220060A059 /* HandsUpTests.xctest */ = {isa = PBXFileReference; explicitFileType = wrapper.cfbundle; includeInIndex = 0; path = HandsUpTests.xctest; sourceTree = BUILT_PRODUCTS_DIR; };
		4937D1A42173F3220060A059 /* HandsUpTests.swift */ = {isa = PBXFileReference; lastKnownFileType = sourcecode.swift; path = HandsUpTests.swift; sourceTree = "<group>"; };
		4937D1A62173F3220060A059 /* Info.plist */ = {isa = PBXFileReference; lastKnownFileType = text.plist.xml; path = Info.plist; sourceTree = "<group>"; };
		4937D1AB2173F3220060A059 /* HandsUpUITests.xctest */ = {isa = PBXFileReference; explicitFileType = wrapper.cfbundle; includeInIndex = 0; path = HandsUpUITests.xctest; sourceTree = BUILT_PRODUCTS_DIR; };
		4937D1AF2173F3220060A059 /* HandsUpUITests.swift */ = {isa = PBXFileReference; lastKnownFileType = sourcecode.swift; path = HandsUpUITests.swift; sourceTree = "<group>"; };
		4937D1B12173F3220060A059 /* Info.plist */ = {isa = PBXFileReference; lastKnownFileType = text.plist.xml; path = Info.plist; sourceTree = "<group>"; };
		498D308F217B92E900D33BCA /* ProfileViewController.swift */ = {isa = PBXFileReference; lastKnownFileType = sourcecode.swift; path = ProfileViewController.swift; sourceTree = "<group>"; };
		498D3091217B941100D33BCA /* NewPostViewController.swift */ = {isa = PBXFileReference; lastKnownFileType = sourcecode.swift; path = NewPostViewController.swift; sourceTree = "<group>"; };
		498D3093217B989D00D33BCA /* Post.swift */ = {isa = PBXFileReference; lastKnownFileType = sourcecode.swift; path = Post.swift; sourceTree = "<group>"; };
		49A509B6217EAA39005D62F7 /* ResponseViewController.swift */ = {isa = PBXFileReference; lastKnownFileType = sourcecode.swift; path = ResponseViewController.swift; sourceTree = "<group>"; };
		49EEBB6C217C121900215DCF /* QuestionDetailViewController.swift */ = {isa = PBXFileReference; lastKnownFileType = sourcecode.swift; path = QuestionDetailViewController.swift; sourceTree = "<group>"; };
		49EEBB6E217C155C00215DCF /* QuestionDetailCell.swift */ = {isa = PBXFileReference; lastKnownFileType = sourcecode.swift; path = QuestionDetailCell.swift; sourceTree = "<group>"; };
		49EEBB70217C195900215DCF /* AnswerCell.swift */ = {isa = PBXFileReference; lastKnownFileType = sourcecode.swift; path = AnswerCell.swift; sourceTree = "<group>"; };
		570A7FFDFED2E6D16E944CA9 /* Pods-HandsUpTests.release.xcconfig */ = {isa = PBXFileReference; includeInIndex = 1; lastKnownFileType = text.xcconfig; name = "Pods-HandsUpTests.release.xcconfig"; path = "Pods/Target Support Files/Pods-HandsUpTests/Pods-HandsUpTests.release.xcconfig"; sourceTree = "<group>"; };
		5DEC9AF2DB282940BABF1FB3 /* Pods-HandsUpUITests.debug.xcconfig */ = {isa = PBXFileReference; includeInIndex = 1; lastKnownFileType = text.xcconfig; name = "Pods-HandsUpUITests.debug.xcconfig"; path = "Pods/Target Support Files/Pods-HandsUpUITests/Pods-HandsUpUITests.debug.xcconfig"; sourceTree = "<group>"; };
		63A3C86F237F8B05D0F2D7BC /* Pods-HandsUpTests.debug.xcconfig */ = {isa = PBXFileReference; includeInIndex = 1; lastKnownFileType = text.xcconfig; name = "Pods-HandsUpTests.debug.xcconfig"; path = "Pods/Target Support Files/Pods-HandsUpTests/Pods-HandsUpTests.debug.xcconfig"; sourceTree = "<group>"; };
		6C3135878EBBF4FCF015EBA4 /* Pods-HandsUp.debug.xcconfig */ = {isa = PBXFileReference; includeInIndex = 1; lastKnownFileType = text.xcconfig; name = "Pods-HandsUp.debug.xcconfig"; path = "Pods/Target Support Files/Pods-HandsUp/Pods-HandsUp.debug.xcconfig"; sourceTree = "<group>"; };
		758BE22E95EC1EED1474995E /* Pods_HandsUpUITests.framework */ = {isa = PBXFileReference; explicitFileType = wrapper.framework; includeInIndex = 0; path = Pods_HandsUpUITests.framework; sourceTree = BUILT_PRODUCTS_DIR; };
		D8E1ABD326A91C3A6740D63B /* Pods_HandsUp.framework */ = {isa = PBXFileReference; explicitFileType = wrapper.framework; includeInIndex = 0; path = Pods_HandsUp.framework; sourceTree = BUILT_PRODUCTS_DIR; };
		E64FBD22BFE81FDFF0F68582 /* Pods_HandsUpTests.framework */ = {isa = PBXFileReference; explicitFileType = wrapper.framework; includeInIndex = 0; path = Pods_HandsUpTests.framework; sourceTree = BUILT_PRODUCTS_DIR; };
/* End PBXFileReference section */

/* Begin PBXFrameworksBuildPhase section */
		4937D1892173F31F0060A059 /* Frameworks */ = {
			isa = PBXFrameworksBuildPhase;
			buildActionMask = 2147483647;
			files = (
				2061D344406F9E0C421313C2 /* Pods_HandsUp.framework in Frameworks */,
			);
			runOnlyForDeploymentPostprocessing = 0;
		};
		4937D19D2173F3220060A059 /* Frameworks */ = {
			isa = PBXFrameworksBuildPhase;
			buildActionMask = 2147483647;
			files = (
				5FE84AC35136A649597EC1AE /* Pods_HandsUpTests.framework in Frameworks */,
			);
			runOnlyForDeploymentPostprocessing = 0;
		};
		4937D1A82173F3220060A059 /* Frameworks */ = {
			isa = PBXFrameworksBuildPhase;
			buildActionMask = 2147483647;
			files = (
				C887604CC2EDA2B0E1B7B5AD /* Pods_HandsUpUITests.framework in Frameworks */,
			);
			runOnlyForDeploymentPostprocessing = 0;
		};
/* End PBXFrameworksBuildPhase section */

/* Begin PBXGroup section */
		4914DF37218D196C003FF3A3 /* SignInStory */ = {
			isa = PBXGroup;
			children = (
				4935C2912177FACA001FE9FD /* SignInViewController.swift */,
				4935C2942177FD17001FE9FD /* SignUpViewController.swift */,
			);
			path = SignInStory;
			sourceTree = "<group>";
		};
		4935C2902177FAAD001FE9FD /* ViewControllers */ = {
			isa = PBXGroup;
			children = (
				4914DF37218D196C003FF3A3 /* SignInStory */,
				490D440D217B8088008E328B /* HomeViewController.swift */,
				49EEBB6C217C121900215DCF /* QuestionDetailViewController.swift */,
				498D3091217B941100D33BCA /* NewPostViewController.swift */,
				498D308F217B92E900D33BCA /* ProfileViewController.swift */,
				49A509B6217EAA39005D62F7 /* ResponseViewController.swift */,
			);
			path = ViewControllers;
			sourceTree = "<group>";
		};
		4935C2932177FC28001FE9FD /* Models */ = {
			isa = PBXGroup;
			children = (
				498D3093217B989D00D33BCA /* Post.swift */,
				31DB3C19217BDE33001CA8C8 /* Answer.swift */,
				4914DF39218FA6CF003FF3A3 /* User.swift */,
			);
			path = Models;
			sourceTree = "<group>";
		};
		4937D1832173F31F0060A059 = {
			isa = PBXGroup;
			children = (
				4937D18E2173F31F0060A059 /* HandsUp */,
				4937D1A32173F3220060A059 /* HandsUpTests */,
				4937D1AE2173F3220060A059 /* HandsUpUITests */,
				4937D18D2173F31F0060A059 /* Products */,
				C075BF48557C6F82395F191C /* Pods */,
				4BAEEC384992E1D401AC3DF2 /* Frameworks */,
			);
			sourceTree = "<group>";
		};
		4937D18D2173F31F0060A059 /* Products */ = {
			isa = PBXGroup;
			children = (
				4937D18C2173F31F0060A059 /* HandsUp.app */,
				4937D1A02173F3220060A059 /* HandsUpTests.xctest */,
				4937D1AB2173F3220060A059 /* HandsUpUITests.xctest */,
			);
			name = Products;
			sourceTree = "<group>";
		};
		4937D18E2173F31F0060A059 /* HandsUp */ = {
			isa = PBXGroup;
			children = (
				49EEBB73217C1DD100215DCF /* Views */,
				4935C2932177FC28001FE9FD /* Models */,
				4935C2902177FAAD001FE9FD /* ViewControllers */,
				4937D18F2173F31F0060A059 /* AppDelegate.swift */,
				4937D1932173F31F0060A059 /* Main.storyboard */,
				4937D1982173F3220060A059 /* LaunchScreen.storyboard */,
				4937D1962173F3220060A059 /* Assets.xcassets */,
				4937D19B2173F3220060A059 /* Info.plist */,
			);
			path = HandsUp;
			sourceTree = "<group>";
		};
		4937D1A32173F3220060A059 /* HandsUpTests */ = {
			isa = PBXGroup;
			children = (
				4937D1A42173F3220060A059 /* HandsUpTests.swift */,
				4937D1A62173F3220060A059 /* Info.plist */,
			);
			path = HandsUpTests;
			sourceTree = "<group>";
		};
		4937D1AE2173F3220060A059 /* HandsUpUITests */ = {
			isa = PBXGroup;
			children = (
				4937D1AF2173F3220060A059 /* HandsUpUITests.swift */,
				4937D1B12173F3220060A059 /* Info.plist */,
			);
			path = HandsUpUITests;
			sourceTree = "<group>";
		};
		49EEBB73217C1DD100215DCF /* Views */ = {
			isa = PBXGroup;
			children = (
				31DB3C15217BC203001CA8C8 /* PostCell.swift */,
				49EEBB6E217C155C00215DCF /* QuestionDetailCell.swift */,
				49EEBB70217C195900215DCF /* AnswerCell.swift */,
			);
			path = Views;
			sourceTree = "<group>";
		};
		4BAEEC384992E1D401AC3DF2 /* Frameworks */ = {
			isa = PBXGroup;
			children = (
				D8E1ABD326A91C3A6740D63B /* Pods_HandsUp.framework */,
				E64FBD22BFE81FDFF0F68582 /* Pods_HandsUpTests.framework */,
				758BE22E95EC1EED1474995E /* Pods_HandsUpUITests.framework */,
			);
			name = Frameworks;
			sourceTree = "<group>";
		};
		C075BF48557C6F82395F191C /* Pods */ = {
			isa = PBXGroup;
			children = (
				6C3135878EBBF4FCF015EBA4 /* Pods-HandsUp.debug.xcconfig */,
				3127C01799A781EBC786FC6B /* Pods-HandsUp.release.xcconfig */,
				63A3C86F237F8B05D0F2D7BC /* Pods-HandsUpTests.debug.xcconfig */,
				570A7FFDFED2E6D16E944CA9 /* Pods-HandsUpTests.release.xcconfig */,
				5DEC9AF2DB282940BABF1FB3 /* Pods-HandsUpUITests.debug.xcconfig */,
				02874743C42BEE0C5510F253 /* Pods-HandsUpUITests.release.xcconfig */,
			);
			name = Pods;
			sourceTree = "<group>";
		};
/* End PBXGroup section */

/* Begin PBXNativeTarget section */
		4937D18B2173F31F0060A059 /* HandsUp */ = {
			isa = PBXNativeTarget;
			buildConfigurationList = 4937D1B42173F3220060A059 /* Build configuration list for PBXNativeTarget "HandsUp" */;
			buildPhases = (
				7A8951398A2D678EC3B40519 /* [CP] Check Pods Manifest.lock */,
				4937D1882173F31F0060A059 /* Sources */,
				4937D1892173F31F0060A059 /* Frameworks */,
				4937D18A2173F31F0060A059 /* Resources */,
				8360184427D71D640DE065F2 /* [CP] Embed Pods Frameworks */,
			);
			buildRules = (
			);
			dependencies = (
			);
			name = HandsUp;
			productName = HandsUp;
			productReference = 4937D18C2173F31F0060A059 /* HandsUp.app */;
			productType = "com.apple.product-type.application";
		};
		4937D19F2173F3220060A059 /* HandsUpTests */ = {
			isa = PBXNativeTarget;
			buildConfigurationList = 4937D1B72173F3220060A059 /* Build configuration list for PBXNativeTarget "HandsUpTests" */;
			buildPhases = (
				E39524AB89515623A9A52780 /* [CP] Check Pods Manifest.lock */,
				4937D19C2173F3220060A059 /* Sources */,
				4937D19D2173F3220060A059 /* Frameworks */,
				4937D19E2173F3220060A059 /* Resources */,
			);
			buildRules = (
			);
			dependencies = (
				4937D1A22173F3220060A059 /* PBXTargetDependency */,
			);
			name = HandsUpTests;
			productName = HandsUpTests;
			productReference = 4937D1A02173F3220060A059 /* HandsUpTests.xctest */;
			productType = "com.apple.product-type.bundle.unit-test";
		};
		4937D1AA2173F3220060A059 /* HandsUpUITests */ = {
			isa = PBXNativeTarget;
			buildConfigurationList = 4937D1BA2173F3220060A059 /* Build configuration list for PBXNativeTarget "HandsUpUITests" */;
			buildPhases = (
				EAAC50AA2457F33568E8B101 /* [CP] Check Pods Manifest.lock */,
				4937D1A72173F3220060A059 /* Sources */,
				4937D1A82173F3220060A059 /* Frameworks */,
				4937D1A92173F3220060A059 /* Resources */,
			);
			buildRules = (
			);
			dependencies = (
				4937D1AD2173F3220060A059 /* PBXTargetDependency */,
			);
			name = HandsUpUITests;
			productName = HandsUpUITests;
			productReference = 4937D1AB2173F3220060A059 /* HandsUpUITests.xctest */;
			productType = "com.apple.product-type.bundle.ui-testing";
		};
/* End PBXNativeTarget section */

/* Begin PBXProject section */
		4937D1842173F31F0060A059 /* Project object */ = {
			isa = PBXProject;
			attributes = {
				LastSwiftUpdateCheck = 1000;
				LastUpgradeCheck = 1000;
				ORGANIZATIONNAME = claudia;
				TargetAttributes = {
					4937D18B2173F31F0060A059 = {
						CreatedOnToolsVersion = 10.0;
					};
					4937D19F2173F3220060A059 = {
						CreatedOnToolsVersion = 10.0;
						TestTargetID = 4937D18B2173F31F0060A059;
					};
					4937D1AA2173F3220060A059 = {
						CreatedOnToolsVersion = 10.0;
						TestTargetID = 4937D18B2173F31F0060A059;
					};
				};
			};
			buildConfigurationList = 4937D1872173F31F0060A059 /* Build configuration list for PBXProject "HandsUp" */;
			compatibilityVersion = "Xcode 9.3";
			developmentRegion = en;
			hasScannedForEncodings = 0;
			knownRegions = (
				en,
				Base,
			);
			mainGroup = 4937D1832173F31F0060A059;
			productRefGroup = 4937D18D2173F31F0060A059 /* Products */;
			projectDirPath = "";
			projectRoot = "";
			targets = (
				4937D18B2173F31F0060A059 /* HandsUp */,
				4937D19F2173F3220060A059 /* HandsUpTests */,
				4937D1AA2173F3220060A059 /* HandsUpUITests */,
			);
		};
/* End PBXProject section */

/* Begin PBXResourcesBuildPhase section */
		4937D18A2173F31F0060A059 /* Resources */ = {
			isa = PBXResourcesBuildPhase;
			buildActionMask = 2147483647;
			files = (
				4937D19A2173F3220060A059 /* LaunchScreen.storyboard in Resources */,
				4937D1972173F3220060A059 /* Assets.xcassets in Resources */,
				4937D1952173F31F0060A059 /* Main.storyboard in Resources */,
			);
			runOnlyForDeploymentPostprocessing = 0;
		};
		4937D19E2173F3220060A059 /* Resources */ = {
			isa = PBXResourcesBuildPhase;
			buildActionMask = 2147483647;
			files = (
			);
			runOnlyForDeploymentPostprocessing = 0;
		};
		4937D1A92173F3220060A059 /* Resources */ = {
			isa = PBXResourcesBuildPhase;
			buildActionMask = 2147483647;
			files = (
			);
			runOnlyForDeploymentPostprocessing = 0;
		};
/* End PBXResourcesBuildPhase section */

/* Begin PBXShellScriptBuildPhase section */
		7A8951398A2D678EC3B40519 /* [CP] Check Pods Manifest.lock */ = {
			isa = PBXShellScriptBuildPhase;
			buildActionMask = 2147483647;
			files = (
			);
			inputFileListPaths = (
			);
			inputPaths = (
				"${PODS_PODFILE_DIR_PATH}/Podfile.lock",
				"${PODS_ROOT}/Manifest.lock",
			);
			name = "[CP] Check Pods Manifest.lock";
			outputFileListPaths = (
			);
			outputPaths = (
				"$(DERIVED_FILE_DIR)/Pods-HandsUp-checkManifestLockResult.txt",
			);
			runOnlyForDeploymentPostprocessing = 0;
			shellPath = /bin/sh;
			shellScript = "diff \"${PODS_PODFILE_DIR_PATH}/Podfile.lock\" \"${PODS_ROOT}/Manifest.lock\" > /dev/null\nif [ $? != 0 ] ; then\n    # print error to STDERR\n    echo \"error: The sandbox is not in sync with the Podfile.lock. Run 'pod install' or update your CocoaPods installation.\" >&2\n    exit 1\nfi\n# This output is used by Xcode 'outputs' to avoid re-running this script phase.\necho \"SUCCESS\" > \"${SCRIPT_OUTPUT_FILE_0}\"\n";
			showEnvVarsInLog = 0;
		};
		8360184427D71D640DE065F2 /* [CP] Embed Pods Frameworks */ = {
			isa = PBXShellScriptBuildPhase;
			buildActionMask = 2147483647;
			files = (
			);
			inputFileListPaths = (
			);
			inputPaths = (
				"${SRCROOT}/Pods/Target Support Files/Pods-HandsUp/Pods-HandsUp-frameworks.sh",
				"${BUILT_PRODUCTS_DIR}/Bolts/Bolts.framework",
				"${BUILT_PRODUCTS_DIR}/Parse/Parse.framework",
				"${BUILT_PRODUCTS_DIR}/RSKPlaceholderTextView/RSKPlaceholderTextView.framework",
			);
			name = "[CP] Embed Pods Frameworks";
			outputFileListPaths = (
			);
			outputPaths = (
				"${TARGET_BUILD_DIR}/${FRAMEWORKS_FOLDER_PATH}/Bolts.framework",
				"${TARGET_BUILD_DIR}/${FRAMEWORKS_FOLDER_PATH}/Parse.framework",
				"${TARGET_BUILD_DIR}/${FRAMEWORKS_FOLDER_PATH}/RSKPlaceholderTextView.framework",
			);
			runOnlyForDeploymentPostprocessing = 0;
			shellPath = /bin/sh;
			shellScript = "\"${SRCROOT}/Pods/Target Support Files/Pods-HandsUp/Pods-HandsUp-frameworks.sh\"\n";
			showEnvVarsInLog = 0;
		};
		E39524AB89515623A9A52780 /* [CP] Check Pods Manifest.lock */ = {
			isa = PBXShellScriptBuildPhase;
			buildActionMask = 2147483647;
			files = (
			);
			inputFileListPaths = (
			);
			inputPaths = (
				"${PODS_PODFILE_DIR_PATH}/Podfile.lock",
				"${PODS_ROOT}/Manifest.lock",
			);
			name = "[CP] Check Pods Manifest.lock";
			outputFileListPaths = (
			);
			outputPaths = (
				"$(DERIVED_FILE_DIR)/Pods-HandsUpTests-checkManifestLockResult.txt",
			);
			runOnlyForDeploymentPostprocessing = 0;
			shellPath = /bin/sh;
			shellScript = "diff \"${PODS_PODFILE_DIR_PATH}/Podfile.lock\" \"${PODS_ROOT}/Manifest.lock\" > /dev/null\nif [ $? != 0 ] ; then\n    # print error to STDERR\n    echo \"error: The sandbox is not in sync with the Podfile.lock. Run 'pod install' or update your CocoaPods installation.\" >&2\n    exit 1\nfi\n# This output is used by Xcode 'outputs' to avoid re-running this script phase.\necho \"SUCCESS\" > \"${SCRIPT_OUTPUT_FILE_0}\"\n";
			showEnvVarsInLog = 0;
		};
		EAAC50AA2457F33568E8B101 /* [CP] Check Pods Manifest.lock */ = {
			isa = PBXShellScriptBuildPhase;
			buildActionMask = 2147483647;
			files = (
			);
			inputFileListPaths = (
			);
			inputPaths = (
				"${PODS_PODFILE_DIR_PATH}/Podfile.lock",
				"${PODS_ROOT}/Manifest.lock",
			);
			name = "[CP] Check Pods Manifest.lock";
			outputFileListPaths = (
			);
			outputPaths = (
				"$(DERIVED_FILE_DIR)/Pods-HandsUpUITests-checkManifestLockResult.txt",
			);
			runOnlyForDeploymentPostprocessing = 0;
			shellPath = /bin/sh;
			shellScript = "diff \"${PODS_PODFILE_DIR_PATH}/Podfile.lock\" \"${PODS_ROOT}/Manifest.lock\" > /dev/null\nif [ $? != 0 ] ; then\n    # print error to STDERR\n    echo \"error: The sandbox is not in sync with the Podfile.lock. Run 'pod install' or update your CocoaPods installation.\" >&2\n    exit 1\nfi\n# This output is used by Xcode 'outputs' to avoid re-running this script phase.\necho \"SUCCESS\" > \"${SCRIPT_OUTPUT_FILE_0}\"\n";
			showEnvVarsInLog = 0;
		};
/* End PBXShellScriptBuildPhase section */

/* Begin PBXSourcesBuildPhase section */
		4937D1882173F31F0060A059 /* Sources */ = {
			isa = PBXSourcesBuildPhase;
			buildActionMask = 2147483647;
			files = (
				4935C2922177FACA001FE9FD /* SignInViewController.swift in Sources */,
				4935C2952177FD17001FE9FD /* SignUpViewController.swift in Sources */,
				49EEBB6F217C155C00215DCF /* QuestionDetailCell.swift in Sources */,
				49EEBB71217C195900215DCF /* AnswerCell.swift in Sources */,
				498D3090217B92E900D33BCA /* ProfileViewController.swift in Sources */,
				31DB3C1A217BDE33001CA8C8 /* Answer.swift in Sources */,
				4914DF3A218FA6CF003FF3A3 /* User.swift in Sources */,
				4937D1902173F31F0060A059 /* AppDelegate.swift in Sources */,
				49EEBB6D217C121900215DCF /* QuestionDetailViewController.swift in Sources */,
				490D440E217B8088008E328B /* HomeViewController.swift in Sources */,
				49A509B7217EAA39005D62F7 /* ResponseViewController.swift in Sources */,
				498D3094217B989D00D33BCA /* Post.swift in Sources */,
				498D3092217B941100D33BCA /* NewPostViewController.swift in Sources */,
				31DB3C16217BC203001CA8C8 /* PostCell.swift in Sources */,
			);
			runOnlyForDeploymentPostprocessing = 0;
		};
		4937D19C2173F3220060A059 /* Sources */ = {
			isa = PBXSourcesBuildPhase;
			buildActionMask = 2147483647;
			files = (
				4937D1A52173F3220060A059 /* HandsUpTests.swift in Sources */,
			);
			runOnlyForDeploymentPostprocessing = 0;
		};
		4937D1A72173F3220060A059 /* Sources */ = {
			isa = PBXSourcesBuildPhase;
			buildActionMask = 2147483647;
			files = (
				4937D1B02173F3220060A059 /* HandsUpUITests.swift in Sources */,
			);
			runOnlyForDeploymentPostprocessing = 0;
		};
/* End PBXSourcesBuildPhase section */

/* Begin PBXTargetDependency section */
		4937D1A22173F3220060A059 /* PBXTargetDependency */ = {
			isa = PBXTargetDependency;
			target = 4937D18B2173F31F0060A059 /* HandsUp */;
			targetProxy = 4937D1A12173F3220060A059 /* PBXContainerItemProxy */;
		};
		4937D1AD2173F3220060A059 /* PBXTargetDependency */ = {
			isa = PBXTargetDependency;
			target = 4937D18B2173F31F0060A059 /* HandsUp */;
			targetProxy = 4937D1AC2173F3220060A059 /* PBXContainerItemProxy */;
		};
/* End PBXTargetDependency section */

/* Begin PBXVariantGroup section */
		4937D1932173F31F0060A059 /* Main.storyboard */ = {
			isa = PBXVariantGroup;
			children = (
				4937D1942173F31F0060A059 /* Base */,
			);
			name = Main.storyboard;
			sourceTree = "<group>";
		};
		4937D1982173F3220060A059 /* LaunchScreen.storyboard */ = {
			isa = PBXVariantGroup;
			children = (
				4937D1992173F3220060A059 /* Base */,
			);
			name = LaunchScreen.storyboard;
			sourceTree = "<group>";
		};
/* End PBXVariantGroup section */

/* Begin XCBuildConfiguration section */
		4937D1B22173F3220060A059 /* Debug */ = {
			isa = XCBuildConfiguration;
			buildSettings = {
				ALWAYS_SEARCH_USER_PATHS = NO;
				CLANG_ANALYZER_NONNULL = YES;
				CLANG_ANALYZER_NUMBER_OBJECT_CONVERSION = YES_AGGRESSIVE;
				CLANG_CXX_LANGUAGE_STANDARD = "gnu++14";
				CLANG_CXX_LIBRARY = "libc++";
				CLANG_ENABLE_MODULES = YES;
				CLANG_ENABLE_OBJC_ARC = YES;
				CLANG_ENABLE_OBJC_WEAK = YES;
				CLANG_WARN_BLOCK_CAPTURE_AUTORELEASING = YES;
				CLANG_WARN_BOOL_CONVERSION = YES;
				CLANG_WARN_COMMA = YES;
				CLANG_WARN_CONSTANT_CONVERSION = YES;
				CLANG_WARN_DEPRECATED_OBJC_IMPLEMENTATIONS = YES;
				CLANG_WARN_DIRECT_OBJC_ISA_USAGE = YES_ERROR;
				CLANG_WARN_DOCUMENTATION_COMMENTS = YES;
				CLANG_WARN_EMPTY_BODY = YES;
				CLANG_WARN_ENUM_CONVERSION = YES;
				CLANG_WARN_INFINITE_RECURSION = YES;
				CLANG_WARN_INT_CONVERSION = YES;
				CLANG_WARN_NON_LITERAL_NULL_CONVERSION = YES;
				CLANG_WARN_OBJC_IMPLICIT_RETAIN_SELF = YES;
				CLANG_WARN_OBJC_LITERAL_CONVERSION = YES;
				CLANG_WARN_OBJC_ROOT_CLASS = YES_ERROR;
				CLANG_WARN_RANGE_LOOP_ANALYSIS = YES;
				CLANG_WARN_STRICT_PROTOTYPES = YES;
				CLANG_WARN_SUSPICIOUS_MOVE = YES;
				CLANG_WARN_UNGUARDED_AVAILABILITY = YES_AGGRESSIVE;
				CLANG_WARN_UNREACHABLE_CODE = YES;
				CLANG_WARN__DUPLICATE_METHOD_MATCH = YES;
				CODE_SIGN_IDENTITY = "iPhone Developer";
				COPY_PHASE_STRIP = NO;
				DEBUG_INFORMATION_FORMAT = dwarf;
				ENABLE_STRICT_OBJC_MSGSEND = YES;
				ENABLE_TESTABILITY = YES;
				GCC_C_LANGUAGE_STANDARD = gnu11;
				GCC_DYNAMIC_NO_PIC = NO;
				GCC_NO_COMMON_BLOCKS = YES;
				GCC_OPTIMIZATION_LEVEL = 0;
				GCC_PREPROCESSOR_DEFINITIONS = (
					"DEBUG=1",
					"$(inherited)",
				);
				GCC_WARN_64_TO_32_BIT_CONVERSION = YES;
				GCC_WARN_ABOUT_RETURN_TYPE = YES_ERROR;
				GCC_WARN_UNDECLARED_SELECTOR = YES;
				GCC_WARN_UNINITIALIZED_AUTOS = YES_AGGRESSIVE;
				GCC_WARN_UNUSED_FUNCTION = YES;
				GCC_WARN_UNUSED_VARIABLE = YES;
				IPHONEOS_DEPLOYMENT_TARGET = 12.0;
				MTL_ENABLE_DEBUG_INFO = INCLUDE_SOURCE;
				MTL_FAST_MATH = YES;
				ONLY_ACTIVE_ARCH = YES;
				SDKROOT = iphoneos;
				SWIFT_ACTIVE_COMPILATION_CONDITIONS = DEBUG;
				SWIFT_OPTIMIZATION_LEVEL = "-Onone";
			};
			name = Debug;
		};
		4937D1B32173F3220060A059 /* Release */ = {
			isa = XCBuildConfiguration;
			buildSettings = {
				ALWAYS_SEARCH_USER_PATHS = NO;
				CLANG_ANALYZER_NONNULL = YES;
				CLANG_ANALYZER_NUMBER_OBJECT_CONVERSION = YES_AGGRESSIVE;
				CLANG_CXX_LANGUAGE_STANDARD = "gnu++14";
				CLANG_CXX_LIBRARY = "libc++";
				CLANG_ENABLE_MODULES = YES;
				CLANG_ENABLE_OBJC_ARC = YES;
				CLANG_ENABLE_OBJC_WEAK = YES;
				CLANG_WARN_BLOCK_CAPTURE_AUTORELEASING = YES;
				CLANG_WARN_BOOL_CONVERSION = YES;
				CLANG_WARN_COMMA = YES;
				CLANG_WARN_CONSTANT_CONVERSION = YES;
				CLANG_WARN_DEPRECATED_OBJC_IMPLEMENTATIONS = YES;
				CLANG_WARN_DIRECT_OBJC_ISA_USAGE = YES_ERROR;
				CLANG_WARN_DOCUMENTATION_COMMENTS = YES;
				CLANG_WARN_EMPTY_BODY = YES;
				CLANG_WARN_ENUM_CONVERSION = YES;
				CLANG_WARN_INFINITE_RECURSION = YES;
				CLANG_WARN_INT_CONVERSION = YES;
				CLANG_WARN_NON_LITERAL_NULL_CONVERSION = YES;
				CLANG_WARN_OBJC_IMPLICIT_RETAIN_SELF = YES;
				CLANG_WARN_OBJC_LITERAL_CONVERSION = YES;
				CLANG_WARN_OBJC_ROOT_CLASS = YES_ERROR;
				CLANG_WARN_RANGE_LOOP_ANALYSIS = YES;
				CLANG_WARN_STRICT_PROTOTYPES = YES;
				CLANG_WARN_SUSPICIOUS_MOVE = YES;
				CLANG_WARN_UNGUARDED_AVAILABILITY = YES_AGGRESSIVE;
				CLANG_WARN_UNREACHABLE_CODE = YES;
				CLANG_WARN__DUPLICATE_METHOD_MATCH = YES;
				CODE_SIGN_IDENTITY = "iPhone Developer";
				COPY_PHASE_STRIP = NO;
				DEBUG_INFORMATION_FORMAT = "dwarf-with-dsym";
				ENABLE_NS_ASSERTIONS = NO;
				ENABLE_STRICT_OBJC_MSGSEND = YES;
				GCC_C_LANGUAGE_STANDARD = gnu11;
				GCC_NO_COMMON_BLOCKS = YES;
				GCC_WARN_64_TO_32_BIT_CONVERSION = YES;
				GCC_WARN_ABOUT_RETURN_TYPE = YES_ERROR;
				GCC_WARN_UNDECLARED_SELECTOR = YES;
				GCC_WARN_UNINITIALIZED_AUTOS = YES_AGGRESSIVE;
				GCC_WARN_UNUSED_FUNCTION = YES;
				GCC_WARN_UNUSED_VARIABLE = YES;
				IPHONEOS_DEPLOYMENT_TARGET = 12.0;
				MTL_ENABLE_DEBUG_INFO = NO;
				MTL_FAST_MATH = YES;
				SDKROOT = iphoneos;
				SWIFT_COMPILATION_MODE = wholemodule;
				SWIFT_OPTIMIZATION_LEVEL = "-O";
				VALIDATE_PRODUCT = YES;
			};
			name = Release;
		};
		4937D1B52173F3220060A059 /* Debug */ = {
			isa = XCBuildConfiguration;
			baseConfigurationReference = 6C3135878EBBF4FCF015EBA4 /* Pods-HandsUp.debug.xcconfig */;
			buildSettings = {
				ASSETCATALOG_COMPILER_APPICON_NAME = AppIcon;
				CODE_SIGN_STYLE = Automatic;
				DEVELOPMENT_TEAM = J752DSQ49Q;
				INFOPLIST_FILE = HandsUp/Info.plist;
				LD_RUNPATH_SEARCH_PATHS = (
					"$(inherited)",
					"@executable_path/Frameworks",
				);
				PRODUCT_BUNDLE_IDENTIFIER = Nikhil.HandsUp1;
				PRODUCT_NAME = "$(TARGET_NAME)";
				SWIFT_VERSION = 4.2;
				TARGETED_DEVICE_FAMILY = "1,2";
			};
			name = Debug;
		};
		4937D1B62173F3220060A059 /* Release */ = {
			isa = XCBuildConfiguration;
			baseConfigurationReference = 3127C01799A781EBC786FC6B /* Pods-HandsUp.release.xcconfig */;
			buildSettings = {
				ASSETCATALOG_COMPILER_APPICON_NAME = AppIcon;
				CODE_SIGN_STYLE = Automatic;
				DEVELOPMENT_TEAM = J752DSQ49Q;
				INFOPLIST_FILE = HandsUp/Info.plist;
				LD_RUNPATH_SEARCH_PATHS = (
					"$(inherited)",
					"@executable_path/Frameworks",
				);
				PRODUCT_BUNDLE_IDENTIFIER = Nikhil.HandsUp1;
				PRODUCT_NAME = "$(TARGET_NAME)";
				SWIFT_VERSION = 4.2;
				TARGETED_DEVICE_FAMILY = "1,2";
			};
			name = Release;
		};
		4937D1B82173F3220060A059 /* Debug */ = {
			isa = XCBuildConfiguration;
			baseConfigurationReference = 63A3C86F237F8B05D0F2D7BC /* Pods-HandsUpTests.debug.xcconfig */;
			buildSettings = {
				ALWAYS_EMBED_SWIFT_STANDARD_LIBRARIES = YES;
				BUNDLE_LOADER = "$(TEST_HOST)";
				CODE_SIGN_STYLE = Automatic;
				DEVELOPMENT_TEAM = QYGH248NY2;
				INFOPLIST_FILE = HandsUpTests/Info.plist;
				LD_RUNPATH_SEARCH_PATHS = (
					"$(inherited)",
					"@executable_path/Frameworks",
					"@loader_path/Frameworks",
				);
				PRODUCT_BUNDLE_IDENTIFIER = NSHWAHBWAH.HandsUpTests;
				PRODUCT_NAME = "$(TARGET_NAME)";
				SWIFT_VERSION = 4.2;
				TARGETED_DEVICE_FAMILY = "1,2";
				TEST_HOST = "$(BUILT_PRODUCTS_DIR)/HandsUp.app/HandsUp";
			};
			name = Debug;
		};
		4937D1B92173F3220060A059 /* Release */ = {
			isa = XCBuildConfiguration;
			baseConfigurationReference = 570A7FFDFED2E6D16E944CA9 /* Pods-HandsUpTests.release.xcconfig */;
			buildSettings = {
				ALWAYS_EMBED_SWIFT_STANDARD_LIBRARIES = YES;
				BUNDLE_LOADER = "$(TEST_HOST)";
				CODE_SIGN_STYLE = Automatic;
				DEVELOPMENT_TEAM = QYGH248NY2;
				INFOPLIST_FILE = HandsUpTests/Info.plist;
				LD_RUNPATH_SEARCH_PATHS = (
					"$(inherited)",
					"@executable_path/Frameworks",
					"@loader_path/Frameworks",
				);
				PRODUCT_BUNDLE_IDENTIFIER = NSHWAHBWAH.HandsUpTests;
				PRODUCT_NAME = "$(TARGET_NAME)";
				SWIFT_VERSION = 4.2;
				TARGETED_DEVICE_FAMILY = "1,2";
				TEST_HOST = "$(BUILT_PRODUCTS_DIR)/HandsUp.app/HandsUp";
			};
			name = Release;
		};
		4937D1BB2173F3220060A059 /* Debug */ = {
			isa = XCBuildConfiguration;
			baseConfigurationReference = 5DEC9AF2DB282940BABF1FB3 /* Pods-HandsUpUITests.debug.xcconfig */;
			buildSettings = {
				ALWAYS_EMBED_SWIFT_STANDARD_LIBRARIES = YES;
				CODE_SIGN_STYLE = Automatic;
				DEVELOPMENT_TEAM = QYGH248NY2;
				INFOPLIST_FILE = HandsUpUITests/Info.plist;
				LD_RUNPATH_SEARCH_PATHS = (
					"$(inherited)",
					"@executable_path/Frameworks",
					"@loader_path/Frameworks",
				);
				PRODUCT_BUNDLE_IDENTIFIER = NSHWAHBWAH.HandsUpUITests;
				PRODUCT_NAME = "$(TARGET_NAME)";
				SWIFT_VERSION = 4.2;
				TARGETED_DEVICE_FAMILY = "1,2";
				TEST_TARGET_NAME = HandsUp;
			};
			name = Debug;
		};
		4937D1BC2173F3220060A059 /* Release */ = {
			isa = XCBuildConfiguration;
			baseConfigurationReference = 02874743C42BEE0C5510F253 /* Pods-HandsUpUITests.release.xcconfig */;
			buildSettings = {
				ALWAYS_EMBED_SWIFT_STANDARD_LIBRARIES = YES;
				CODE_SIGN_STYLE = Automatic;
				DEVELOPMENT_TEAM = QYGH248NY2;
				INFOPLIST_FILE = HandsUpUITests/Info.plist;
				LD_RUNPATH_SEARCH_PATHS = (
					"$(inherited)",
					"@executable_path/Frameworks",
					"@loader_path/Frameworks",
				);
				PRODUCT_BUNDLE_IDENTIFIER = NSHWAHBWAH.HandsUpUITests;
				PRODUCT_NAME = "$(TARGET_NAME)";
				SWIFT_VERSION = 4.2;
				TARGETED_DEVICE_FAMILY = "1,2";
				TEST_TARGET_NAME = HandsUp;
			};
			name = Release;
		};
/* End XCBuildConfiguration section */

/* Begin XCConfigurationList section */
		4937D1872173F31F0060A059 /* Build configuration list for PBXProject "HandsUp" */ = {
			isa = XCConfigurationList;
			buildConfigurations = (
				4937D1B22173F3220060A059 /* Debug */,
				4937D1B32173F3220060A059 /* Release */,
			);
			defaultConfigurationIsVisible = 0;
			defaultConfigurationName = Release;
		};
		4937D1B42173F3220060A059 /* Build configuration list for PBXNativeTarget "HandsUp" */ = {
			isa = XCConfigurationList;
			buildConfigurations = (
				4937D1B52173F3220060A059 /* Debug */,
				4937D1B62173F3220060A059 /* Release */,
			);
			defaultConfigurationIsVisible = 0;
			defaultConfigurationName = Release;
		};
		4937D1B72173F3220060A059 /* Build configuration list for PBXNativeTarget "HandsUpTests" */ = {
			isa = XCConfigurationList;
			buildConfigurations = (
				4937D1B82173F3220060A059 /* Debug */,
				4937D1B92173F3220060A059 /* Release */,
			);
			defaultConfigurationIsVisible = 0;
			defaultConfigurationName = Release;
		};
		4937D1BA2173F3220060A059 /* Build configuration list for PBXNativeTarget "HandsUpUITests" */ = {
			isa = XCConfigurationList;
			buildConfigurations = (
				4937D1BB2173F3220060A059 /* Debug */,
				4937D1BC2173F3220060A059 /* Release */,
			);
			defaultConfigurationIsVisible = 0;
			defaultConfigurationName = Release;
		};
/* End XCConfigurationList section */
	};
	rootObject = 4937D1842173F31F0060A059 /* Project object */;
}
